{
  "nodes": {
    "darwin": {
      "inputs": {
        "nixpkgs": [
          "nixpkgs"
        ]
      },
      "locked": {
        "lastModified": 1733570843,
        "narHash": "sha256-sQJAxY1TYWD1UyibN/FnN97paTFuwBw3Vp3DNCyKsMk=",
        "owner": "lnl7",
        "repo": "nix-darwin",
        "rev": "a35b08d09efda83625bef267eb24347b446c80b8",
        "type": "github"
      },
      "original": {
        "owner": "lnl7",
        "ref": "master",
        "repo": "nix-darwin",
        "type": "github"
      }
    },
    "disko": {
      "inputs": {
        "nixpkgs": [
          "nixpkgs"
        ]
      },
      "locked": {
        "lastModified": 1734088167,
        "narHash": "sha256-OIitVU+IstPbX/NWn2jLF+/sT9dVKcO2FKeRAzlyX6c=",
        "owner": "nix-community",
        "repo": "disko",
        "rev": "d32f2d1750d61a476a236526b725ec5a32e16342",
        "type": "github"
      },
      "original": {
        "owner": "nix-community",
        "repo": "disko",
        "type": "github"
      }
    },
    "envim": {
      "inputs": {
        "flake-utils": "flake-utils",
        "nixpkgs": [
          "nixpkgs"
        ],
        "unstable": "unstable"
      },
      "locked": {
        "lastModified": 1705995602,
        "narHash": "sha256-FPsF0wEgQjgl8e/gUTw/uMGLzmdhlo6hEhNUoKA2fkg=",
        "owner": "erikkrieg",
        "repo": "envim",
        "rev": "90f35e641787d5de401110cfe06749b53349e56b",
        "type": "github"
      },
      "original": {
        "owner": "erikkrieg",
        "ref": "main",
        "repo": "envim",
        "type": "github"
      }
    },
    "flake-utils": {
      "inputs": {
        "systems": "systems"
      },
      "locked": {
        "lastModified": 1694529238,
        "narHash": "sha256-zsNZZGTGnMOf9YpHKJqMSsa0dXbfmxeoJ7xHlrt+xmY=",
        "owner": "numtide",
        "repo": "flake-utils",
        "rev": "ff7b65b44d01cf9ba6a71320833626af21126384",
        "type": "github"
      },
      "original": {
        "owner": "numtide",
        "repo": "flake-utils",
        "type": "github"
      }
    },
    "home-manager": {
      "inputs": {
        "nixpkgs": [
          "nixpkgs"
        ]
      },
      "locked": {
        "lastModified": 1726989464,
        "narHash": "sha256-Vl+WVTJwutXkimwGprnEtXc/s/s8sMuXzqXaspIGlwM=",
        "owner": "nix-community",
        "repo": "home-manager",
        "rev": "2f23fa308a7c067e52dfcc30a0758f47043ec176",
        "type": "github"
      },
      "original": {
        "owner": "nix-community",
        "ref": "release-24.05",
        "repo": "home-manager",
        "type": "github"
      }
    },
    "nixpkgs": {
      "locked": {
        "lastModified": 1734529975,
        "narHash": "sha256-ze3IJksru9dN0keqUxY0WNf8xrwfs8Ty/z9v/keyBbg=",
        "owner": "nixos",
        "repo": "nixpkgs",
        "rev": "72d11d40b9878a67c38f003c240c2d2e1811e72a",
        "type": "github"
      },
      "original": {
        "owner": "nixos",
        "ref": "release-24.05",
        "repo": "nixpkgs",
        "type": "github"
      }
    },
    "root": {
      "inputs": {
        "darwin": "darwin",
        "disko": "disko",
        "envim": "envim",
        "home-manager": "home-manager",
        "nixpkgs": "nixpkgs",
        "unstable": "unstable_2"
      }
    },
    "systems": {
      "locked": {
        "lastModified": 1681028828,
        "narHash": "sha256-Vy1rq5AaRuLzOxct8nz4T6wlgyUR7zLU309k9mBC768=",
        "owner": "nix-systems",
        "repo": "default",
        "rev": "da67096a3b9bf56a91d16901293e51ba5b49a27e",
        "type": "github"
      },
      "original": {
        "owner": "nix-systems",
        "repo": "default",
        "type": "github"
      }
    },
    "unstable": {
      "locked": {
        "lastModified": 1705403940,
        "narHash": "sha256-bl7E3w35Bleiexg01WsN0RuAQEL23HaQeNBC2zjt+9w=",
        "owner": "nixos",
        "repo": "nixpkgs",
        "rev": "f0326542989e1bdac955ad6269b334a8da4b0c95",
        "type": "github"
      },
      "original": {
        "owner": "nixos",
        "ref": "nixpkgs-unstable",
        "repo": "nixpkgs",
        "type": "github"
      }
    },
    "unstable_2": {
      "locked": {
        "lastModified": 1734435836,
        "narHash": "sha256-kMBQ5PRiFLagltK0sH+08aiNt3zGERC2297iB6vrvlU=",
        "owner": "nixos",
        "repo": "nixpkgs",
        "rev": "4989a246d7a390a859852baddb1013f825435cee",
        "type": "github"
      },
      "original": {
        "owner": "nixos",
        "ref": "nixpkgs-unstable",
        "repo": "nixpkgs",
        "type": "github"
      }
    }
  },
  "root": "root",
  "version": 7
}
